
Microsoft Visual Studio Solution File, Format Version 12.00
# Visual Studio 15
VisualStudioVersion = 15.0.28307.421
MinimumVisualStudioVersion = 10.0.40219.1
Project("{FAE04EC0-301F-11D3-BF4B-00C04F79EFBC}") = "frontend.API", "blc-frontend.API\frontend.API.csproj", "{41B2FDA1-27E1-49F0-8038-24A2D8DD55EF}"
EndProject
Project("{FAE04EC0-301F-11D3-BF4B-00C04F79EFBC}") = "frontend.API.Tests", "blc-frontend.API.Tests\frontend.API.Tests.csproj", "{773887ED-2C7D-4839-BEB9-5FD419212313}"
EndProject
Global
	GlobalSection(SolutionConfigurationPlatforms) = preSolution
		Debug|Any CPU = Debug|Any CPU
		Release|Any CPU = Release|Any CPU
	EndGlobalSection
	GlobalSection(ProjectConfigurationPlatforms) = postSolution
		{41B2FDA1-27E1-49F0-8038-24A2D8DD55EF}.Debug|Any CPU.ActiveCfg = Debug|Any CPU
		{41B2FDA1-27E1-49F0-8038-24A2D8DD55EF}.Debug|Any CPU.Build.0 = Debug|Any CPU
		{41B2FDA1-27E1-49F0-8038-24A2D8DD55EF}.Release|Any CPU.ActiveCfg = Release|Any CPU
		{41B2FDA1-27E1-49F0-8038-24A2D8DD55EF}.Release|Any CPU.Build.0 = Release|Any CPU
		{773887ED-2C7D-4839-BEB9-5FD419212313}.Debug|Any CPU.ActiveCfg = Debug|Any CPU
		{773887ED-2C7D-4839-BEB9-5FD419212313}.Debug|Any CPU.Build.0 = Debug|Any CPU
		{773887ED-2C7D-4839-BEB9-5FD419212313}.Release|Any CPU.ActiveCfg = Release|Any CPU
		{773887ED-2C7D-4839-BEB9-5FD419212313}.Release|Any CPU.Build.0 = Release|Any CPU
	EndGlobalSection
	GlobalSection(SolutionProperties) = preSolution
		HideSolutionNode = FALSE
	EndGlobalSection
	GlobalSection(ExtensibilityGlobals) = postSolution
		SolutionGuid = {03C3A751-4CFD-481F-95DC-444D91F05A55}
	EndGlobalSection
EndGlobal
